
Microsoft Visual Studio Solution File, Format Version 12.00
# Visual Studio Version 16
VisualStudioVersion = 16.0.30717.126
MinimumVisualStudioVersion = 10.0.40219.1
Project("{9A19103F-16F7-4668-BE54-9A1E7A4F7556}") = "WpfApp3", "WpfApp3\WpfApp3.csproj", "{9EC9CFEF-EFAC-4761-A71B-D0B06A5F574A}"
EndProject
Global
	GlobalSection(SolutionConfigurationPlatforms) = preSolution
		Debug|Any CPU = Debug|Any CPU
		Release|Any CPU = Release|Any CPU
	EndGlobalSection
	GlobalSection(ProjectConfigurationPlatforms) = postSolution
		{9EC9CFEF-EFAC-4761-A71B-D0B06A5F574A}.Debug|Any CPU.ActiveCfg = Debug|Any CPU
		{9EC9CFEF-EFAC-4761-A71B-D0B06A5F574A}.Debug|Any CPU.Build.0 = Debug|Any CPU
		{9EC9CFEF-EFAC-4761-A71B-D0B06A5F574A}.Release|Any CPU.ActiveCfg = Release|Any CPU
		{9EC9CFEF-EFAC-4761-A71B-D0B06A5F574A}.Release|Any CPU.Build.0 = Release|Any CPU
	EndGlobalSection
	GlobalSection(SolutionProperties) = preSolution
		HideSolutionNode = FALSE
	EndGlobalSection
	GlobalSection(ExtensibilityGlobals) = postSolution
		SolutionGuid = {FBAF1D0F-7055-48B2-98BF-0EE3C0ACC51F}
	EndGlobalSection
EndGlobal
